{
  "name": "empty",
  "version": "1.0.0",
  "lockfileVersion": 3,
  "requires": true,
  "packages": {
    "": {
      "name": "empty",
      "version": "1.0.0",
      "license": "ISC",
      "devDependencies": {
        "@zeppos/device-types": "^3.0.0"
      }
    },
    "node_modules/@zeppos/device-types": {
      "version": "3.0.1",
      "resolved": "https://registry.npmjs.org/@zeppos/device-types/-/device-types-3.0.1.tgz",
      "integrity": "sha512-7rUsKLFiTdwIU3NarEKbEoQjr2X1kE6/8ra+mM3+zXDnwhELPowwC4Sl5UGS71PjTa9Rb+s4WygOHkjeEmJcoA==",
      "dev": true,
      "license": "ISC"
    }
  }
}
